
Microsoft Visual Studio Solution File, Format Version 12.00
# Visual Studio Version 17
VisualStudioVersion = 17.0.32014.148
MinimumVisualStudioVersion = 10.0.40219.1
Project("{2150E333-8FDC-42A3-9474-1A3956D46DE8}") = "_Framework", "_Framework", "{7C98469D-582C-4AD8-962D-BA4FF3453C8F}"
EndProject
Project("{9A19103F-16F7-4668-BE54-9A1E7A4F7556}") = "DI.Common", "Framework\DI.Common\DI.Common.csproj", "{39785F31-43F7-44BD-B952-9C3EEDB3C7BD}"
EndProject
Project("{9A19103F-16F7-4668-BE54-9A1E7A4F7556}") = "DI.Domain", "Framework\DI.Domain\DI.Domain.csproj", "{23BED003-6596-467C-9249-84448B009B2A}"
EndProject
Project("{2150E333-8FDC-42A3-9474-1A3956D46DE8}") = "Solution Items", "Solution Items", "{F916C44C-666A-4EE8-B770-45016AEFD7D7}"
	ProjectSection(SolutionItems) = preProject
		.gitignore = .gitignore
		migrate.bat = migrate.bat
		Notes.txt = Notes.txt
	EndProjectSection
EndProject
Project("{9A19103F-16F7-4668-BE54-9A1E7A4F7556}") = "DI.Infrastructure", "Framework\DI.Infrastructure\DI.Infrastructure.csproj", "{871FB34A-DC37-4AA1-B94A-ED74274BB4FA}"
EndProject
Project("{9A19103F-16F7-4668-BE54-9A1E7A4F7556}") = "DI.Services", "Framework\DI.Services\DI.Services.csproj", "{1F3FAD35-1713-4BC3-80C4-01B1AEFBEDCF}"
EndProject
Project("{2150E333-8FDC-42A3-9474-1A3956D46DE8}") = "Boards", "Boards", "{77BA6AA2-F679-4DD4-9B1B-ACEF4B8C27F5}"
EndProject
Project("{9A19103F-16F7-4668-BE54-9A1E7A4F7556}") = "Boards.Domain", "Boards\Boards.Domain\Boards.Domain.csproj", "{43357B46-4D7A-47E3-98C8-2D842FDE3819}"
EndProject
Project("{9A19103F-16F7-4668-BE54-9A1E7A4F7556}") = "Boards.Services", "Boards\Boards.Services\Boards.Services.csproj", "{014518E1-53EA-41DF-ABD7-25B01E4CA8AF}"
EndProject
Project("{9A19103F-16F7-4668-BE54-9A1E7A4F7556}") = "Boards.Infrastructure", "Boards\Boards.Infrastructure\Boards.Infrastructure.csproj", "{7BBD65D7-D2C1-4E77-AD54-2F1C9012AD88}"
EndProject
Project("{2150E333-8FDC-42A3-9474-1A3956D46DE8}") = "_Common", "_Common", "{25CA06EA-2317-452E-8720-D838D630D519}"
EndProject
Project("{9A19103F-16F7-4668-BE54-9A1E7A4F7556}") = "DI.WebApi", "Framework\DI.WebApi\DI.WebApi.csproj", "{B2F8E806-B0AD-48DA-BC73-DDFCF9DC4CE9}"
EndProject
Project("{2150E333-8FDC-42A3-9474-1A3956D46DE8}") = "Hosting", "Hosting", "{A92DC6E5-427B-4A27-A959-6AC2B1A41115}"
EndProject
Project("{9A19103F-16F7-4668-BE54-9A1E7A4F7556}") = "Boards.Api", "Boards\Boards.Api\Boards.Api.csproj", "{8F9EF8C8-F7D2-43D2-91FB-AE8C51871778}"
EndProject
Project("{9A19103F-16F7-4668-BE54-9A1E7A4F7556}") = "Boards.ApiHost", "Hosting\Boards.ApiHost\Boards.ApiHost.csproj", "{5BDAF6DB-4B16-4F39-AABD-169E82FB7281}"
EndProject
Project("{2150E333-8FDC-42A3-9474-1A3956D46DE8}") = "Tools", "Tools", "{6C376431-DE05-4C5C-B63C-A58F9323EB1C}"
EndProject
Project("{FAE04EC0-301F-11D3-BF4B-00C04F79EFBC}") = "DataTools", "Tools\DataTools\DataTools.csproj", "{BE42B20D-36A5-4DFC-BBD4-60493CDAF76C}"
EndProject
Project("{FAE04EC0-301F-11D3-BF4B-00C04F79EFBC}") = "ConsoleTester", "Tools\ConsoleTester\ConsoleTester.csproj", "{49F48DED-B1B8-4136-BB74-6B4C04DAD93F}"
EndProject
Global
	GlobalSection(SolutionConfigurationPlatforms) = preSolution
		Debug|Any CPU = Debug|Any CPU
		Release|Any CPU = Release|Any CPU
	EndGlobalSection
	GlobalSection(ProjectConfigurationPlatforms) = postSolution
		{39785F31-43F7-44BD-B952-9C3EEDB3C7BD}.Debug|Any CPU.ActiveCfg = Debug|Any CPU
		{39785F31-43F7-44BD-B952-9C3EEDB3C7BD}.Debug|Any CPU.Build.0 = Debug|Any CPU
		{39785F31-43F7-44BD-B952-9C3EEDB3C7BD}.Release|Any CPU.ActiveCfg = Release|Any CPU
		{39785F31-43F7-44BD-B952-9C3EEDB3C7BD}.Release|Any CPU.Build.0 = Release|Any CPU
		{23BED003-6596-467C-9249-84448B009B2A}.Debug|Any CPU.ActiveCfg = Debug|Any CPU
		{23BED003-6596-467C-9249-84448B009B2A}.Debug|Any CPU.Build.0 = Debug|Any CPU
		{23BED003-6596-467C-9249-84448B009B2A}.Release|Any CPU.ActiveCfg = Release|Any CPU
		{23BED003-6596-467C-9249-84448B009B2A}.Release|Any CPU.Build.0 = Release|Any CPU
		{871FB34A-DC37-4AA1-B94A-ED74274BB4FA}.Debug|Any CPU.ActiveCfg = Debug|Any CPU
		{871FB34A-DC37-4AA1-B94A-ED74274BB4FA}.Debug|Any CPU.Build.0 = Debug|Any CPU
		{871FB34A-DC37-4AA1-B94A-ED74274BB4FA}.Release|Any CPU.ActiveCfg = Release|Any CPU
		{871FB34A-DC37-4AA1-B94A-ED74274BB4FA}.Release|Any CPU.Build.0 = Release|Any CPU
		{1F3FAD35-1713-4BC3-80C4-01B1AEFBEDCF}.Debug|Any CPU.ActiveCfg = Debug|Any CPU
		{1F3FAD35-1713-4BC3-80C4-01B1AEFBEDCF}.Debug|Any CPU.Build.0 = Debug|Any CPU
		{1F3FAD35-1713-4BC3-80C4-01B1AEFBEDCF}.Release|Any CPU.ActiveCfg = Release|Any CPU
		{1F3FAD35-1713-4BC3-80C4-01B1AEFBEDCF}.Release|Any CPU.Build.0 = Release|Any CPU
		{43357B46-4D7A-47E3-98C8-2D842FDE3819}.Debug|Any CPU.ActiveCfg = Debug|Any CPU
		{43357B46-4D7A-47E3-98C8-2D842FDE3819}.Debug|Any CPU.Build.0 = Debug|Any CPU
		{43357B46-4D7A-47E3-98C8-2D842FDE3819}.Release|Any CPU.ActiveCfg = Release|Any CPU
		{43357B46-4D7A-47E3-98C8-2D842FDE3819}.Release|Any CPU.Build.0 = Release|Any CPU
		{014518E1-53EA-41DF-ABD7-25B01E4CA8AF}.Debug|Any CPU.ActiveCfg = Debug|Any CPU
		{014518E1-53EA-41DF-ABD7-25B01E4CA8AF}.Debug|Any CPU.Build.0 = Debug|Any CPU
		{014518E1-53EA-41DF-ABD7-25B01E4CA8AF}.Release|Any CPU.ActiveCfg = Release|Any CPU
		{014518E1-53EA-41DF-ABD7-25B01E4CA8AF}.Release|Any CPU.Build.0 = Release|Any CPU
		{7BBD65D7-D2C1-4E77-AD54-2F1C9012AD88}.Debug|Any CPU.ActiveCfg = Debug|Any CPU
		{7BBD65D7-D2C1-4E77-AD54-2F1C9012AD88}.Debug|Any CPU.Build.0 = Debug|Any CPU
		{7BBD65D7-D2C1-4E77-AD54-2F1C9012AD88}.Release|Any CPU.ActiveCfg = Release|Any CPU
		{7BBD65D7-D2C1-4E77-AD54-2F1C9012AD88}.Release|Any CPU.Build.0 = Release|Any CPU
		{B2F8E806-B0AD-48DA-BC73-DDFCF9DC4CE9}.Debug|Any CPU.ActiveCfg = Debug|Any CPU
		{B2F8E806-B0AD-48DA-BC73-DDFCF9DC4CE9}.Debug|Any CPU.Build.0 = Debug|Any CPU
		{B2F8E806-B0AD-48DA-BC73-DDFCF9DC4CE9}.Release|Any CPU.ActiveCfg = Release|Any CPU
		{B2F8E806-B0AD-48DA-BC73-DDFCF9DC4CE9}.Release|Any CPU.Build.0 = Release|Any CPU
		{8F9EF8C8-F7D2-43D2-91FB-AE8C51871778}.Debug|Any CPU.ActiveCfg = Debug|Any CPU
		{8F9EF8C8-F7D2-43D2-91FB-AE8C51871778}.Debug|Any CPU.Build.0 = Debug|Any CPU
		{8F9EF8C8-F7D2-43D2-91FB-AE8C51871778}.Release|Any CPU.ActiveCfg = Release|Any CPU
		{8F9EF8C8-F7D2-43D2-91FB-AE8C51871778}.Release|Any CPU.Build.0 = Release|Any CPU
		{5BDAF6DB-4B16-4F39-AABD-169E82FB7281}.Debug|Any CPU.ActiveCfg = Debug|Any CPU
		{5BDAF6DB-4B16-4F39-AABD-169E82FB7281}.Debug|Any CPU.Build.0 = Debug|Any CPU
		{5BDAF6DB-4B16-4F39-AABD-169E82FB7281}.Release|Any CPU.ActiveCfg = Release|Any CPU
		{5BDAF6DB-4B16-4F39-AABD-169E82FB7281}.Release|Any CPU.Build.0 = Release|Any CPU
		{BE42B20D-36A5-4DFC-BBD4-60493CDAF76C}.Debug|Any CPU.ActiveCfg = Debug|Any CPU
		{BE42B20D-36A5-4DFC-BBD4-60493CDAF76C}.Debug|Any CPU.Build.0 = Debug|Any CPU
		{BE42B20D-36A5-4DFC-BBD4-60493CDAF76C}.Release|Any CPU.ActiveCfg = Release|Any CPU
		{BE42B20D-36A5-4DFC-BBD4-60493CDAF76C}.Release|Any CPU.Build.0 = Release|Any CPU
		{49F48DED-B1B8-4136-BB74-6B4C04DAD93F}.Debug|Any CPU.ActiveCfg = Debug|Any CPU
		{49F48DED-B1B8-4136-BB74-6B4C04DAD93F}.Debug|Any CPU.Build.0 = Debug|Any CPU
		{49F48DED-B1B8-4136-BB74-6B4C04DAD93F}.Release|Any CPU.ActiveCfg = Release|Any CPU
		{49F48DED-B1B8-4136-BB74-6B4C04DAD93F}.Release|Any CPU.Build.0 = Release|Any CPU
	EndGlobalSection
	GlobalSection(SolutionProperties) = preSolution
		HideSolutionNode = FALSE
	EndGlobalSection
	GlobalSection(NestedProjects) = preSolution
		{39785F31-43F7-44BD-B952-9C3EEDB3C7BD} = {25CA06EA-2317-452E-8720-D838D630D519}
		{23BED003-6596-467C-9249-84448B009B2A} = {7C98469D-582C-4AD8-962D-BA4FF3453C8F}
		{871FB34A-DC37-4AA1-B94A-ED74274BB4FA} = {7C98469D-582C-4AD8-962D-BA4FF3453C8F}
		{1F3FAD35-1713-4BC3-80C4-01B1AEFBEDCF} = {7C98469D-582C-4AD8-962D-BA4FF3453C8F}
		{43357B46-4D7A-47E3-98C8-2D842FDE3819} = {77BA6AA2-F679-4DD4-9B1B-ACEF4B8C27F5}
		{014518E1-53EA-41DF-ABD7-25B01E4CA8AF} = {77BA6AA2-F679-4DD4-9B1B-ACEF4B8C27F5}
		{7BBD65D7-D2C1-4E77-AD54-2F1C9012AD88} = {77BA6AA2-F679-4DD4-9B1B-ACEF4B8C27F5}
		{B2F8E806-B0AD-48DA-BC73-DDFCF9DC4CE9} = {7C98469D-582C-4AD8-962D-BA4FF3453C8F}
		{8F9EF8C8-F7D2-43D2-91FB-AE8C51871778} = {77BA6AA2-F679-4DD4-9B1B-ACEF4B8C27F5}
		{5BDAF6DB-4B16-4F39-AABD-169E82FB7281} = {A92DC6E5-427B-4A27-A959-6AC2B1A41115}
		{BE42B20D-36A5-4DFC-BBD4-60493CDAF76C} = {6C376431-DE05-4C5C-B63C-A58F9323EB1C}
		{49F48DED-B1B8-4136-BB74-6B4C04DAD93F} = {6C376431-DE05-4C5C-B63C-A58F9323EB1C}
	EndGlobalSection
	GlobalSection(ExtensibilityGlobals) = postSolution
		SolutionGuid = {DA3471CC-2119-49AB-A2EB-2CFE9BF6FC51}
	EndGlobalSection
EndGlobal
